
Microsoft Visual Studio Solution File, Format Version 12.00
# Visual Studio Version 17
VisualStudioVersion = 17.5.33502.453
MinimumVisualStudioVersion = 10.0.40219.1
Project("{FAE04EC0-301F-11D3-BF4B-00C04F79EFBC}") = "Task_2", "Task_2\Task_2.csproj", "{F9644DEC-C715-45E5-B9A8-99276F5AFFFA}"
EndProject
Project("{FAE04EC0-301F-11D3-BF4B-00C04F79EFBC}") = "Task_4", "Task_4\Task_4.csproj", "{DAE553DA-D4F3-41DA-8B36-1759186F14EF}"
EndProject
Project("{FAE04EC0-301F-11D3-BF4B-00C04F79EFBC}") = "Task_3", "Task_3\Task_3.csproj", "{F4A96789-4F9A-4A3F-8B8A-D2B7CDA57529}"
EndProject
Project("{FAE04EC0-301F-11D3-BF4B-00C04F79EFBC}") = "Task_3-v2", "Task_3-v2\Task_3-v2.csproj", "{3CE2A598-8D4F-439A-995B-5BCA53581603}"
EndProject
Global
	GlobalSection(SolutionConfigurationPlatforms) = preSolution
		Debug|Any CPU = Debug|Any CPU
		Release|Any CPU = Release|Any CPU
	EndGlobalSection
	GlobalSection(ProjectConfigurationPlatforms) = postSolution
		{F9644DEC-C715-45E5-B9A8-99276F5AFFFA}.Debug|Any CPU.ActiveCfg = Debug|Any CPU
		{F9644DEC-C715-45E5-B9A8-99276F5AFFFA}.Debug|Any CPU.Build.0 = Debug|Any CPU
		{F9644DEC-C715-45E5-B9A8-99276F5AFFFA}.Release|Any CPU.ActiveCfg = Release|Any CPU
		{F9644DEC-C715-45E5-B9A8-99276F5AFFFA}.Release|Any CPU.Build.0 = Release|Any CPU
		{DAE553DA-D4F3-41DA-8B36-1759186F14EF}.Debug|Any CPU.ActiveCfg = Debug|Any CPU
		{DAE553DA-D4F3-41DA-8B36-1759186F14EF}.Debug|Any CPU.Build.0 = Debug|Any CPU
		{DAE553DA-D4F3-41DA-8B36-1759186F14EF}.Release|Any CPU.ActiveCfg = Release|Any CPU
		{DAE553DA-D4F3-41DA-8B36-1759186F14EF}.Release|Any CPU.Build.0 = Release|Any CPU
		{F4A96789-4F9A-4A3F-8B8A-D2B7CDA57529}.Debug|Any CPU.ActiveCfg = Debug|Any CPU
		{F4A96789-4F9A-4A3F-8B8A-D2B7CDA57529}.Debug|Any CPU.Build.0 = Debug|Any CPU
		{F4A96789-4F9A-4A3F-8B8A-D2B7CDA57529}.Release|Any CPU.ActiveCfg = Release|Any CPU
		{F4A96789-4F9A-4A3F-8B8A-D2B7CDA57529}.Release|Any CPU.Build.0 = Release|Any CPU
		{3CE2A598-8D4F-439A-995B-5BCA53581603}.Debug|Any CPU.ActiveCfg = Debug|Any CPU
		{3CE2A598-8D4F-439A-995B-5BCA53581603}.Debug|Any CPU.Build.0 = Debug|Any CPU
		{3CE2A598-8D4F-439A-995B-5BCA53581603}.Release|Any CPU.ActiveCfg = Release|Any CPU
		{3CE2A598-8D4F-439A-995B-5BCA53581603}.Release|Any CPU.Build.0 = Release|Any CPU
	EndGlobalSection
	GlobalSection(SolutionProperties) = preSolution
		HideSolutionNode = FALSE
	EndGlobalSection
	GlobalSection(ExtensibilityGlobals) = postSolution
		SolutionGuid = {B3C04655-E452-49BA-AD5C-CFBD7FFB19B6}
	EndGlobalSection
EndGlobal
